
Microsoft Visual Studio Solution File, Format Version 12.00
# Visual Studio 15
VisualStudioVersion = 15.0.28307.489
MinimumVisualStudioVersion = 10.0.40219.1
Project("{FAE04EC0-301F-11D3-BF4B-00C04F79EFBC}") = "SocketsViewer", "SocketsViewer.csproj", "{2577146E-C58E-47B0-9796-91B165913613}"
EndProject
Global
	GlobalSection(SolutionConfigurationPlatforms) = preSolution
		Debug|Any CPU = Debug|Any CPU
		Release|Any CPU = Release|Any CPU
	EndGlobalSection
	GlobalSection(ProjectConfigurationPlatforms) = postSolution
		{2577146E-C58E-47B0-9796-91B165913613}.Debug|Any CPU.ActiveCfg = Debug|Any CPU
		{2577146E-C58E-47B0-9796-91B165913613}.Debug|Any CPU.Build.0 = Debug|Any CPU
		{2577146E-C58E-47B0-9796-91B165913613}.Release|Any CPU.ActiveCfg = Release|Any CPU
		{2577146E-C58E-47B0-9796-91B165913613}.Release|Any CPU.Build.0 = Release|Any CPU
	EndGlobalSection
	GlobalSection(SolutionProperties) = preSolution
		HideSolutionNode = FALSE
	EndGlobalSection
	GlobalSection(ExtensibilityGlobals) = postSolution
		SolutionGuid = {CF97562B-8894-4204-B775-5F95729FFCA2}
	EndGlobalSection
EndGlobal
